
Microsoft Visual Studio Solution File, Format Version 12.00
# Visual Studio 2012
Project("{FAE04EC0-301F-11D3-BF4B-00C04F79EFBC}") = "VKStatistic", "VKStatistic\VKStatistic.csproj", "{CFF3AFB6-67DD-4E9B-9656-28F26A26F1CB}"
EndProject
Global
	GlobalSection(SolutionConfigurationPlatforms) = preSolution
		Debug|Any CPU = Debug|Any CPU
		Release|Any CPU = Release|Any CPU
	EndGlobalSection
	GlobalSection(ProjectConfigurationPlatforms) = postSolution
		{CFF3AFB6-67DD-4E9B-9656-28F26A26F1CB}.Debug|Any CPU.ActiveCfg = Debug|Any CPU
		{CFF3AFB6-67DD-4E9B-9656-28F26A26F1CB}.Debug|Any CPU.Build.0 = Debug|Any CPU
		{CFF3AFB6-67DD-4E9B-9656-28F26A26F1CB}.Release|Any CPU.ActiveCfg = Release|Any CPU
		{CFF3AFB6-67DD-4E9B-9656-28F26A26F1CB}.Release|Any CPU.Build.0 = Release|Any CPU
	EndGlobalSection
	GlobalSection(SolutionProperties) = preSolution
		HideSolutionNode = FALSE
	EndGlobalSection
EndGlobal
